
Microsoft Visual Studio Solution File, Format Version 12.00
# Visual Studio Version 17
VisualStudioVersion = 17.5.002.0
MinimumVisualStudioVersion = 10.0.40219.1
Project("{9A19103F-16F7-4668-BE54-9A1E7A4F7556}") = "RVMAssembler", "RVMAssembler.csproj", "{EB6C757D-8F50-42D5-9EAC-DB7C7045CF86}"
EndProject
Global
	GlobalSection(SolutionConfigurationPlatforms) = preSolution
		Debug|Any CPU = Debug|Any CPU
		Release|Any CPU = Release|Any CPU
	EndGlobalSection
	GlobalSection(ProjectConfigurationPlatforms) = postSolution
		{EB6C757D-8F50-42D5-9EAC-DB7C7045CF86}.Debug|Any CPU.ActiveCfg = Debug|Any CPU
		{EB6C757D-8F50-42D5-9EAC-DB7C7045CF86}.Debug|Any CPU.Build.0 = Debug|Any CPU
		{EB6C757D-8F50-42D5-9EAC-DB7C7045CF86}.Release|Any CPU.ActiveCfg = Release|Any CPU
		{EB6C757D-8F50-42D5-9EAC-DB7C7045CF86}.Release|Any CPU.Build.0 = Release|Any CPU
	EndGlobalSection
	GlobalSection(SolutionProperties) = preSolution
		HideSolutionNode = FALSE
	EndGlobalSection
	GlobalSection(ExtensibilityGlobals) = postSolution
		SolutionGuid = {967E970E-8520-4A66-BEC4-99350164BF20}
	EndGlobalSection
EndGlobal
